
Microsoft Visual Studio Solution File, Format Version 12.00
# Visual Studio Version 16
VisualStudioVersion = 16.0.30114.105
MinimumVisualStudioVersion = 10.0.40219.1
Project("{8BC9CEB8-8B4A-11D0-8D11-00A0C91BC942}") = "test_8_9", "test_8_9\test_8_9.vcxproj", "{9A712184-0B5D-42F2-842D-8B74996374BB}"
EndProject
Global
	GlobalSection(SolutionConfigurationPlatforms) = preSolution
		Debug|x64 = Debug|x64
		Debug|x86 = Debug|x86
		Release|x64 = Release|x64
		Release|x86 = Release|x86
	EndGlobalSection
	GlobalSection(ProjectConfigurationPlatforms) = postSolution
		{9A712184-0B5D-42F2-842D-8B74996374BB}.Debug|x64.ActiveCfg = Debug|x64
		{9A712184-0B5D-42F2-842D-8B74996374BB}.Debug|x64.Build.0 = Debug|x64
		{9A712184-0B5D-42F2-842D-8B74996374BB}.Debug|x86.ActiveCfg = Debug|Win32
		{9A712184-0B5D-42F2-842D-8B74996374BB}.Debug|x86.Build.0 = Debug|Win32
		{9A712184-0B5D-42F2-842D-8B74996374BB}.Release|x64.ActiveCfg = Release|x64
		{9A712184-0B5D-42F2-842D-8B74996374BB}.Release|x64.Build.0 = Release|x64
		{9A712184-0B5D-42F2-842D-8B74996374BB}.Release|x86.ActiveCfg = Release|Win32
		{9A712184-0B5D-42F2-842D-8B74996374BB}.Release|x86.Build.0 = Release|Win32
	EndGlobalSection
	GlobalSection(SolutionProperties) = preSolution
		HideSolutionNode = FALSE
	EndGlobalSection
	GlobalSection(ExtensibilityGlobals) = postSolution
		SolutionGuid = {FD72D992-AFEA-4F7C-8AD9-925DF3189DFA}
	EndGlobalSection
EndGlobal
