
Microsoft Visual Studio Solution File, Format Version 12.00
# Visual Studio Version 16
VisualStudioVersion = 16.0.30711.63
MinimumVisualStudioVersion = 10.0.40219.1
Project("{8BC9CEB8-8B4A-11D0-8D11-00A0C91BC942}") = "test_2021_1_26_linkedlist", "test_2021_1_26_linkedlist.vcxproj", "{1BE438AB-9774-4DC4-8231-A5339C2A4232}"
EndProject
Global
	GlobalSection(SolutionConfigurationPlatforms) = preSolution
		Debug|x64 = Debug|x64
		Debug|x86 = Debug|x86
		Release|x64 = Release|x64
		Release|x86 = Release|x86
	EndGlobalSection
	GlobalSection(ProjectConfigurationPlatforms) = postSolution
		{1BE438AB-9774-4DC4-8231-A5339C2A4232}.Debug|x64.ActiveCfg = Debug|x64
		{1BE438AB-9774-4DC4-8231-A5339C2A4232}.Debug|x64.Build.0 = Debug|x64
		{1BE438AB-9774-4DC4-8231-A5339C2A4232}.Debug|x86.ActiveCfg = Debug|Win32
		{1BE438AB-9774-4DC4-8231-A5339C2A4232}.Debug|x86.Build.0 = Debug|Win32
		{1BE438AB-9774-4DC4-8231-A5339C2A4232}.Release|x64.ActiveCfg = Release|x64
		{1BE438AB-9774-4DC4-8231-A5339C2A4232}.Release|x64.Build.0 = Release|x64
		{1BE438AB-9774-4DC4-8231-A5339C2A4232}.Release|x86.ActiveCfg = Release|Win32
		{1BE438AB-9774-4DC4-8231-A5339C2A4232}.Release|x86.Build.0 = Release|Win32
	EndGlobalSection
	GlobalSection(SolutionProperties) = preSolution
		HideSolutionNode = FALSE
	EndGlobalSection
	GlobalSection(ExtensibilityGlobals) = postSolution
		SolutionGuid = {34F149ED-B03C-4BEA-AB2A-BEA71CC00EBA}
	EndGlobalSection
EndGlobal
