
Microsoft Visual Studio Solution File, Format Version 12.00
# Visual Studio Version 16
VisualStudioVersion = 16.0.30611.23
MinimumVisualStudioVersion = 10.0.40219.1
Project("{8BC9CEB8-8B4A-11D0-8D11-00A0C91BC942}") = "test_11_3", "test_11_3.vcxproj", "{0700B516-B8A5-46BE-9004-DBD90D15C725}"
EndProject
Global
	GlobalSection(SolutionConfigurationPlatforms) = preSolution
		Debug|x64 = Debug|x64
		Debug|x86 = Debug|x86
		Release|x64 = Release|x64
		Release|x86 = Release|x86
	EndGlobalSection
	GlobalSection(ProjectConfigurationPlatforms) = postSolution
		{0700B516-B8A5-46BE-9004-DBD90D15C725}.Debug|x64.ActiveCfg = Debug|x64
		{0700B516-B8A5-46BE-9004-DBD90D15C725}.Debug|x64.Build.0 = Debug|x64
		{0700B516-B8A5-46BE-9004-DBD90D15C725}.Debug|x86.ActiveCfg = Debug|Win32
		{0700B516-B8A5-46BE-9004-DBD90D15C725}.Debug|x86.Build.0 = Debug|Win32
		{0700B516-B8A5-46BE-9004-DBD90D15C725}.Release|x64.ActiveCfg = Release|x64
		{0700B516-B8A5-46BE-9004-DBD90D15C725}.Release|x64.Build.0 = Release|x64
		{0700B516-B8A5-46BE-9004-DBD90D15C725}.Release|x86.ActiveCfg = Release|Win32
		{0700B516-B8A5-46BE-9004-DBD90D15C725}.Release|x86.Build.0 = Release|Win32
	EndGlobalSection
	GlobalSection(SolutionProperties) = preSolution
		HideSolutionNode = FALSE
	EndGlobalSection
	GlobalSection(ExtensibilityGlobals) = postSolution
		SolutionGuid = {9033C814-56DC-4A2B-8A65-7B7C9D0A4F6F}
	EndGlobalSection
EndGlobal
