
Microsoft Visual Studio Solution File, Format Version 12.00
# Visual Studio Version 16
VisualStudioVersion = 16.0.30711.63
MinimumVisualStudioVersion = 10.0.40219.1
Project("{8BC9CEB8-8B4A-11D0-8D11-00A0C91BC942}") = "test_2021_2_14_BeginningTemplate", "test_2021_2_14_BeginningTemplate.vcxproj", "{15123E14-C52B-466F-85E8-796334B72093}"
EndProject
Global
	GlobalSection(SolutionConfigurationPlatforms) = preSolution
		Debug|x64 = Debug|x64
		Debug|x86 = Debug|x86
		Release|x64 = Release|x64
		Release|x86 = Release|x86
	EndGlobalSection
	GlobalSection(ProjectConfigurationPlatforms) = postSolution
		{15123E14-C52B-466F-85E8-796334B72093}.Debug|x64.ActiveCfg = Debug|x64
		{15123E14-C52B-466F-85E8-796334B72093}.Debug|x64.Build.0 = Debug|x64
		{15123E14-C52B-466F-85E8-796334B72093}.Debug|x86.ActiveCfg = Debug|Win32
		{15123E14-C52B-466F-85E8-796334B72093}.Debug|x86.Build.0 = Debug|Win32
		{15123E14-C52B-466F-85E8-796334B72093}.Release|x64.ActiveCfg = Release|x64
		{15123E14-C52B-466F-85E8-796334B72093}.Release|x64.Build.0 = Release|x64
		{15123E14-C52B-466F-85E8-796334B72093}.Release|x86.ActiveCfg = Release|Win32
		{15123E14-C52B-466F-85E8-796334B72093}.Release|x86.Build.0 = Release|Win32
	EndGlobalSection
	GlobalSection(SolutionProperties) = preSolution
		HideSolutionNode = FALSE
	EndGlobalSection
	GlobalSection(ExtensibilityGlobals) = postSolution
		SolutionGuid = {290EE7D9-0619-4DC5-BDF6-8E13C4A4E571}
	EndGlobalSection
EndGlobal
